// !$*UTF8*$!
{
	archiveVersion = 1;
	classes = {
	};
	objectVersion = 55;
	objects = {

/* Begin PBXBuildFile section */
		2AD3ACB0276C67D700BD5F84 /* AppDelegate.swift in Sources */ = {isa = PBXBuildFile; fileRef = 2AD3ACAF276C67D700BD5F84 /* AppDelegate.swift */; };
		2AD3ACB2276C67D700BD5F84 /* SceneDelegate.swift in Sources */ = {isa = PBXBuildFile; fileRef = 2AD3ACB1276C67D700BD5F84 /* SceneDelegate.swift */; };
		2AD3ACB4276C67D700BD5F84 /* ViewController.swift in Sources */ = {isa = PBXBuildFile; fileRef = 2AD3ACB3276C67D700BD5F84 /* ViewController.swift */; };
		2AD3ACB7276C67D700BD5F84 /* Main.storyboard in Resources */ = {isa = PBXBuildFile; fileRef = 2AD3ACB5276C67D700BD5F84 /* Main.storyboard */; };
		2AD3ACB9276C67D900BD5F84 /* Assets.xcassets in Resources */ = {isa = PBXBuildFile; fileRef = 2AD3ACB8276C67D900BD5F84 /* Assets.xcassets */; };
		2AD3ACBC276C67D900BD5F84 /* LaunchScreen.storyboard in Resources */ = {isa = PBXBuildFile; fileRef = 2AD3ACBA276C67D900BD5F84 /* LaunchScreen.storyboard */; };
		2AD3ACC7276C67D900BD5F84 /* drumrollDemoTests.swift in Sources */ = {isa = PBXBuildFile; fileRef = 2AD3ACC6276C67D900BD5F84 /* drumrollDemoTests.swift */; };
		2AD3ACD1276C67D900BD5F84 /* drumrollDemoUITests.swift in Sources */ = {isa = PBXBuildFile; fileRef = 2AD3ACD0276C67D900BD5F84 /* drumrollDemoUITests.swift */; };
		2AD3ACD3276C67D900BD5F84 /* drumrollDemoUITestsLaunchTests.swift in Sources */ = {isa = PBXBuildFile; fileRef = 2AD3ACD2276C67D900BD5F84 /* drumrollDemoUITestsLaunchTests.swift */; };
/* End PBXBuildFile section */

/* Begin PBXContainerItemProxy section */
		2AD3ACC3276C67D900BD5F84 /* PBXContainerItemProxy */ = {
			isa = PBXContainerItemProxy;
			containerPortal = 2AD3ACA4276C67D700BD5F84 /* Project object */;
			proxyType = 1;
			remoteGlobalIDString = 2AD3ACAB276C67D700BD5F84;
			remoteInfo = drumrollDemo;
		};
		2AD3ACCD276C67D900BD5F84 /* PBXContainerItemProxy */ = {
			isa = PBXContainerItemProxy;
			containerPortal = 2AD3ACA4276C67D700BD5F84 /* Project object */;
			proxyType = 1;
			remoteGlobalIDString = 2AD3ACAB276C67D700BD5F84;
			remoteInfo = drumrollDemo;
		};
/* End PBXContainerItemProxy section */

/* Begin PBXFileReference section */
		2AD3ACAC276C67D700BD5F84 /* drumrollDemo.app */ = {isa = PBXFileReference; explicitFileType = wrapper.application; includeInIndex = 0; path = drumrollDemo.app; sourceTree = BUILT_PRODUCTS_DIR; };
		2AD3ACAF276C67D700BD5F84 /* AppDelegate.swift */ = {isa = PBXFileReference; lastKnownFileType = sourcecode.swift; path = AppDelegate.swift; sourceTree = "<group>"; };
		2AD3ACB1276C67D700BD5F84 /* SceneDelegate.swift */ = {isa = PBXFileReference; lastKnownFileType = sourcecode.swift; path = SceneDelegate.swift; sourceTree = "<group>"; };
		2AD3ACB3276C67D700BD5F84 /* ViewController.swift */ = {isa = PBXFileReference; lastKnownFileType = sourcecode.swift; path = ViewController.swift; sourceTree = "<group>"; };
		2AD3ACB6276C67D700BD5F84 /* Base */ = {isa = PBXFileReference; lastKnownFileType = file.storyboard; name = Base; path = Base.lproj/Main.storyboard; sourceTree = "<group>"; };
		2AD3ACB8276C67D900BD5F84 /* Assets.xcassets */ = {isa = PBXFileReference; lastKnownFileType = folder.assetcatalog; path = Assets.xcassets; sourceTree = "<group>"; };
		2AD3ACBB276C67D900BD5F84 /* Base */ = {isa = PBXFileReference; lastKnownFileType = file.storyboard; name = Base; path = Base.lproj/LaunchScreen.storyboard; sourceTree = "<group>"; };
		2AD3ACBD276C67D900BD5F84 /* Info.plist */ = {isa = PBXFileReference; lastKnownFileType = text.plist.xml; path = Info.plist; sourceTree = "<group>"; };
		2AD3ACC2276C67D900BD5F84 /* drumrollDemoTests.xctest */ = {isa = PBXFileReference; explicitFileType = wrapper.cfbundle; includeInIndex = 0; path = drumrollDemoTests.xctest; sourceTree = BUILT_PRODUCTS_DIR; };
		2AD3ACC6276C67D900BD5F84 /* drumrollDemoTests.swift */ = {isa = PBXFileReference; lastKnownFileType = sourcecode.swift; path = drumrollDemoTests.swift; sourceTree = "<group>"; };
		2AD3ACCC276C67D900BD5F84 /* drumrollDemoUITests.xctest */ = {isa = PBXFileReference; explicitFileType = wrapper.cfbundle; includeInIndex = 0; path = drumrollDemoUITests.xctest; sourceTree = BUILT_PRODUCTS_DIR; };
		2AD3ACD0276C67D900BD5F84 /* drumrollDemoUITests.swift */ = {isa = PBXFileReference; lastKnownFileType = sourcecode.swift; path = drumrollDemoUITests.swift; sourceTree = "<group>"; };
		2AD3ACD2276C67D900BD5F84 /* drumrollDemoUITestsLaunchTests.swift */ = {isa = PBXFileReference; lastKnownFileType = sourcecode.swift; path = drumrollDemoUITestsLaunchTests.swift; sourceTree = "<group>"; };
/* End PBXFileReference section */

/* Begin PBXFrameworksBuildPhase section */
		2AD3ACA9276C67D700BD5F84 /* Frameworks */ = {
			isa = PBXFrameworksBuildPhase;
			buildActionMask = 2147483647;
			files = (
			);
			runOnlyForDeploymentPostprocessing = 0;
		};
		2AD3ACBF276C67D900BD5F84 /* Frameworks */ = {
			isa = PBXFrameworksBuildPhase;
			buildActionMask = 2147483647;
			files = (
			);
			runOnlyForDeploymentPostprocessing = 0;
		};
		2AD3ACC9276C67D900BD5F84 /* Frameworks */ = {
			isa = PBXFrameworksBuildPhase;
			buildActionMask = 2147483647;
			files = (
			);
			runOnlyForDeploymentPostprocessing = 0;
		};
/* End PBXFrameworksBuildPhase section */

/* Begin PBXGroup section */
		2AD3ACA3276C67D700BD5F84 = {
			isa = PBXGroup;
			children = (
				2AD3ACAE276C67D700BD5F84 /* drumrollDemo */,
				2AD3ACC5276C67D900BD5F84 /* drumrollDemoTests */,
				2AD3ACCF276C67D900BD5F84 /* drumrollDemoUITests */,
				2AD3ACAD276C67D700BD5F84 /* Products */,
			);
			sourceTree = "<group>";
		};
		2AD3ACAD276C67D700BD5F84 /* Products */ = {
			isa = PBXGroup;
			children = (
				2AD3ACAC276C67D700BD5F84 /* drumrollDemo.app */,
				2AD3ACC2276C67D900BD5F84 /* drumrollDemoTests.xctest */,
				2AD3ACCC276C67D900BD5F84 /* drumrollDemoUITests.xctest */,
			);
			name = Products;
			sourceTree = "<group>";
		};
		2AD3ACAE276C67D700BD5F84 /* drumrollDemo */ = {
			isa = PBXGroup;
			children = (
				2AD3ACAF276C67D700BD5F84 /* AppDelegate.swift */,
				2AD3ACB1276C67D700BD5F84 /* SceneDelegate.swift */,
				2AD3ACB3276C67D700BD5F84 /* ViewController.swift */,
				2AD3ACB5276C67D700BD5F84 /* Main.storyboard */,
				2AD3ACB8276C67D900BD5F84 /* Assets.xcassets */,
				2AD3ACBA276C67D900BD5F84 /* LaunchScreen.storyboard */,
				2AD3ACBD276C67D900BD5F84 /* Info.plist */,
			);
			path = drumrollDemo;
			sourceTree = "<group>";
		};
		2AD3ACC5276C67D900BD5F84 /* drumrollDemoTests */ = {
			isa = PBXGroup;
			children = (
				2AD3ACC6276C67D900BD5F84 /* drumrollDemoTests.swift */,
			);
			path = drumrollDemoTests;
			sourceTree = "<group>";
		};
		2AD3ACCF276C67D900BD5F84 /* drumrollDemoUITests */ = {
			isa = PBXGroup;
			children = (
				2AD3ACD0276C67D900BD5F84 /* drumrollDemoUITests.swift */,
				2AD3ACD2276C67D900BD5F84 /* drumrollDemoUITestsLaunchTests.swift */,
			);
			path = drumrollDemoUITests;
			sourceTree = "<group>";
		};
/* End PBXGroup section */

/* Begin PBXNativeTarget section */
		2AD3ACAB276C67D700BD5F84 /* drumrollDemo */ = {
			isa = PBXNativeTarget;
			buildConfigurationList = 2AD3ACD6276C67D900BD5F84 /* Build configuration list for PBXNativeTarget "drumrollDemo" */;
			buildPhases = (
				2AD3ACA8276C67D700BD5F84 /* Sources */,
				2AD3ACA9276C67D700BD5F84 /* Frameworks */,
				2AD3ACAA276C67D700BD5F84 /* Resources */,
			);
			buildRules = (
			);
			dependencies = (
			);
			name = drumrollDemo;
			productName = drumrollDemo;
			productReference = 2AD3ACAC276C67D700BD5F84 /* drumrollDemo.app */;
			productType = "com.apple.product-type.application";
		};
		2AD3ACC1276C67D900BD5F84 /* drumrollDemoTests */ = {
			isa = PBXNativeTarget;
			buildConfigurationList = 2AD3ACD9276C67D900BD5F84 /* Build configuration list for PBXNativeTarget "drumrollDemoTests" */;
			buildPhases = (
				2AD3ACBE276C67D900BD5F84 /* Sources */,
				2AD3ACBF276C67D900BD5F84 /* Frameworks */,
				2AD3ACC0276C67D900BD5F84 /* Resources */,
			);
			buildRules = (
			);
			dependencies = (
				2AD3ACC4276C67D900BD5F84 /* PBXTargetDependency */,
			);
			name = drumrollDemoTests;
			productName = drumrollDemoTests;
			productReference = 2AD3ACC2276C67D900BD5F84 /* drumrollDemoTests.xctest */;
			productType = "com.apple.product-type.bundle.unit-test";
		};
		2AD3ACCB276C67D900BD5F84 /* drumrollDemoUITests */ = {
			isa = PBXNativeTarget;
			buildConfigurationList = 2AD3ACDC276C67D900BD5F84 /* Build configuration list for PBXNativeTarget "drumrollDemoUITests" */;
			buildPhases = (
				2AD3ACC8276C67D900BD5F84 /* Sources */,
				2AD3ACC9276C67D900BD5F84 /* Frameworks */,
				2AD3ACCA276C67D900BD5F84 /* Resources */,
			);
			buildRules = (
			);
			dependencies = (
				2AD3ACCE276C67D900BD5F84 /* PBXTargetDependency */,
			);
			name = drumrollDemoUITests;
			productName = drumrollDemoUITests;
			productReference = 2AD3ACCC276C67D900BD5F84 /* drumrollDemoUITests.xctest */;
			productType = "com.apple.product-type.bundle.ui-testing";
		};
/* End PBXNativeTarget section */

/* Begin PBXProject section */
		2AD3ACA4276C67D700BD5F84 /* Project object */ = {
			isa = PBXProject;
			attributes = {
				BuildIndependentTargetsInParallel = 1;
				LastSwiftUpdateCheck = 1310;
				LastUpgradeCheck = 1310;
				TargetAttributes = {
					2AD3ACAB276C67D700BD5F84 = {
						CreatedOnToolsVersion = 13.1;
					};
					2AD3ACC1276C67D900BD5F84 = {
						CreatedOnToolsVersion = 13.1;
						TestTargetID = 2AD3ACAB276C67D700BD5F84;
					};
					2AD3ACCB276C67D900BD5F84 = {
						CreatedOnToolsVersion = 13.1;
						TestTargetID = 2AD3ACAB276C67D700BD5F84;
					};
				};
			};
			buildConfigurationList = 2AD3ACA7276C67D700BD5F84 /* Build configuration list for PBXProject "drumrollDemo" */;
			compatibilityVersion = "Xcode 13.0";
			developmentRegion = en;
			hasScannedForEncodings = 0;
			knownRegions = (
				en,
				Base,
			);
			mainGroup = 2AD3ACA3276C67D700BD5F84;
			productRefGroup = 2AD3ACAD276C67D700BD5F84 /* Products */;
			projectDirPath = "";
			projectRoot = "";
			targets = (
				2AD3ACAB276C67D700BD5F84 /* drumrollDemo */,
				2AD3ACC1276C67D900BD5F84 /* drumrollDemoTests */,
				2AD3ACCB276C67D900BD5F84 /* drumrollDemoUITests */,
			);
		};
/* End PBXProject section */

/* Begin PBXResourcesBuildPhase section */
		2AD3ACAA276C67D700BD5F84 /* Resources */ = {
			isa = PBXResourcesBuildPhase;
			buildActionMask = 2147483647;
			files = (
				2AD3ACBC276C67D900BD5F84 /* LaunchScreen.storyboard in Resources */,
				2AD3ACB9276C67D900BD5F84 /* Assets.xcassets in Resources */,
				2AD3ACB7276C67D700BD5F84 /* Main.storyboard in Resources */,
			);
			runOnlyForDeploymentPostprocessing = 0;
		};
		2AD3ACC0276C67D900BD5F84 /* Resources */ = {
			isa = PBXResourcesBuildPhase;
			buildActionMask = 2147483647;
			files = (
			);
			runOnlyForDeploymentPostprocessing = 0;
		};
		2AD3ACCA276C67D900BD5F84 /* Resources */ = {
			isa = PBXResourcesBuildPhase;
			buildActionMask = 2147483647;
			files = (
			);
			runOnlyForDeploymentPostprocessing = 0;
		};
/* End PBXResourcesBuildPhase section */

/* Begin PBXSourcesBuildPhase section */
		2AD3ACA8276C67D700BD5F84 /* Sources */ = {
			isa = PBXSourcesBuildPhase;
			buildActionMask = 2147483647;
			files = (
				2AD3ACB4276C67D700BD5F84 /* ViewController.swift in Sources */,
				2AD3ACB0276C67D700BD5F84 /* AppDelegate.swift in Sources */,
				2AD3ACB2276C67D700BD5F84 /* SceneDelegate.swift in Sources */,
			);
			runOnlyForDeploymentPostprocessing = 0;
		};
		2AD3ACBE276C67D900BD5F84 /* Sources */ = {
			isa = PBXSourcesBuildPhase;
			buildActionMask = 2147483647;
			files = (
				2AD3ACC7276C67D900BD5F84 /* drumrollDemoTests.swift in Sources */,
			);
			runOnlyForDeploymentPostprocessing = 0;
		};
		2AD3ACC8276C67D900BD5F84 /* Sources */ = {
			isa = PBXSourcesBuildPhase;
			buildActionMask = 2147483647;
			files = (
				2AD3ACD3276C67D900BD5F84 /* drumrollDemoUITestsLaunchTests.swift in Sources */,
				2AD3ACD1276C67D900BD5F84 /* drumrollDemoUITests.swift in Sources */,
			);
			runOnlyForDeploymentPostprocessing = 0;
		};
/* End PBXSourcesBuildPhase section */

/* Begin PBXTargetDependency section */
		2AD3ACC4276C67D900BD5F84 /* PBXTargetDependency */ = {
			isa = PBXTargetDependency;
			target = 2AD3ACAB276C67D700BD5F84 /* drumrollDemo */;
			targetProxy = 2AD3ACC3276C67D900BD5F84 /* PBXContainerItemProxy */;
		};
		2AD3ACCE276C67D900BD5F84 /* PBXTargetDependency */ = {
			isa = PBXTargetDependency;
			target = 2AD3ACAB276C67D700BD5F84 /* drumrollDemo */;
			targetProxy = 2AD3ACCD276C67D900BD5F84 /* PBXContainerItemProxy */;
		};
/* End PBXTargetDependency section */

/* Begin PBXVariantGroup section */
		2AD3ACB5276C67D700BD5F84 /* Main.storyboard */ = {
			isa = PBXVariantGroup;
			children = (
				2AD3ACB6276C67D700BD5F84 /* Base */,
			);
			name = Main.storyboard;
			sourceTree = "<group>";
		};
		2AD3ACBA276C67D900BD5F84 /* LaunchScreen.storyboard */ = {
			isa = PBXVariantGroup;
			children = (
				2AD3ACBB276C67D900BD5F84 /* Base */,
			);
			name = LaunchScreen.storyboard;
			sourceTree = "<group>";
		};
/* End PBXVariantGroup section */

/* Begin XCBuildConfiguration section */
		2AD3ACD4276C67D900BD5F84 /* Debug */ = {
			isa = XCBuildConfiguration;
			buildSettings = {
				ALWAYS_SEARCH_USER_PATHS = NO;
				CLANG_ANALYZER_NONNULL = YES;
				CLANG_ANALYZER_NUMBER_OBJECT_CONVERSION = YES_AGGRESSIVE;
				CLANG_CXX_LANGUAGE_STANDARD = "gnu++17";
				CLANG_CXX_LIBRARY = "libc++";
				CLANG_ENABLE_MODULES = YES;
				CLANG_ENABLE_OBJC_ARC = YES;
				CLANG_ENABLE_OBJC_WEAK = YES;
				CLANG_WARN_BLOCK_CAPTURE_AUTORELEASING = YES;
				CLANG_WARN_BOOL_CONVERSION = YES;
				CLANG_WARN_COMMA = YES;
				CLANG_WARN_CONSTANT_CONVERSION = YES;
				CLANG_WARN_DEPRECATED_OBJC_IMPLEMENTATIONS = YES;
				CLANG_WARN_DIRECT_OBJC_ISA_USAGE = YES_ERROR;
				CLANG_WARN_DOCUMENTATION_COMMENTS = YES;
				CLANG_WARN_EMPTY_BODY = YES;
				CLANG_WARN_ENUM_CONVERSION = YES;
				CLANG_WARN_INFINITE_RECURSION = YES;
				CLANG_WARN_INT_CONVERSION = YES;
				CLANG_WARN_NON_LITERAL_NULL_CONVERSION = YES;
				CLANG_WARN_OBJC_IMPLICIT_RETAIN_SELF = YES;
				CLANG_WARN_OBJC_LITERAL_CONVERSION = YES;
				CLANG_WARN_OBJC_ROOT_CLASS = YES_ERROR;
				CLANG_WARN_QUOTED_INCLUDE_IN_FRAMEWORK_HEADER = YES;
				CLANG_WARN_RANGE_LOOP_ANALYSIS = YES;
				CLANG_WARN_STRICT_PROTOTYPES = YES;
				CLANG_WARN_SUSPICIOUS_MOVE = YES;
				CLANG_WARN_UNGUARDED_AVAILABILITY = YES_AGGRESSIVE;
				CLANG_WARN_UNREACHABLE_CODE = YES;
				CLANG_WARN__DUPLICATE_METHOD_MATCH = YES;
				COPY_PHASE_STRIP = NO;
				DEBUG_INFORMATION_FORMAT = dwarf;
				ENABLE_STRICT_OBJC_MSGSEND = YES;
				ENABLE_TESTABILITY = YES;
				GCC_C_LANGUAGE_STANDARD = gnu11;
				GCC_DYNAMIC_NO_PIC = NO;
				GCC_NO_COMMON_BLOCKS = YES;
				GCC_OPTIMIZATION_LEVEL = 0;
				GCC_PREPROCESSOR_DEFINITIONS = (
					"DEBUG=1",
					"$(inherited)",
				);
				GCC_WARN_64_TO_32_BIT_CONVERSION = YES;
				GCC_WARN_ABOUT_RETURN_TYPE = YES_ERROR;
				GCC_WARN_UNDECLARED_SELECTOR = YES;
				GCC_WARN_UNINITIALIZED_AUTOS = YES_AGGRESSIVE;
				GCC_WARN_UNUSED_FUNCTION = YES;
				GCC_WARN_UNUSED_VARIABLE = YES;
				IPHONEOS_DEPLOYMENT_TARGET = 15.0;
				MTL_ENABLE_DEBUG_INFO = INCLUDE_SOURCE;
				MTL_FAST_MATH = YES;
				ONLY_ACTIVE_ARCH = YES;
				SDKROOT = iphoneos;
				SWIFT_ACTIVE_COMPILATION_CONDITIONS = DEBUG;
				SWIFT_OPTIMIZATION_LEVEL = "-Onone";
			};
			name = Debug;
		};
		2AD3ACD5276C67D900BD5F84 /* Release */ = {
			isa = XCBuildConfiguration;
			buildSettings = {
				ALWAYS_SEARCH_USER_PATHS = NO;
				CLANG_ANALYZER_NONNULL = YES;
				CLANG_ANALYZER_NUMBER_OBJECT_CONVERSION = YES_AGGRESSIVE;
				CLANG_CXX_LANGUAGE_STANDARD = "gnu++17";
				CLANG_CXX_LIBRARY = "libc++";
				CLANG_ENABLE_MODULES = YES;
				CLANG_ENABLE_OBJC_ARC = YES;
				CLANG_ENABLE_OBJC_WEAK = YES;
				CLANG_WARN_BLOCK_CAPTURE_AUTORELEASING = YES;
				CLANG_WARN_BOOL_CONVERSION = YES;
				CLANG_WARN_COMMA = YES;
				CLANG_WARN_CONSTANT_CONVERSION = YES;
				CLANG_WARN_DEPRECATED_OBJC_IMPLEMENTATIONS = YES;
				CLANG_WARN_DIRECT_OBJC_ISA_USAGE = YES_ERROR;
				CLANG_WARN_DOCUMENTATION_COMMENTS = YES;
				CLANG_WARN_EMPTY_BODY = YES;
				CLANG_WARN_ENUM_CONVERSION = YES;
				CLANG_WARN_INFINITE_RECURSION = YES;
				CLANG_WARN_INT_CONVERSION = YES;
				CLANG_WARN_NON_LITERAL_NULL_CONVERSION = YES;
				CLANG_WARN_OBJC_IMPLICIT_RETAIN_SELF = YES;
				CLANG_WARN_OBJC_LITERAL_CONVERSION = YES;
				CLANG_WARN_OBJC_ROOT_CLASS = YES_ERROR;
				CLANG_WARN_QUOTED_INCLUDE_IN_FRAMEWORK_HEADER = YES;
				CLANG_WARN_RANGE_LOOP_ANALYSIS = YES;
				CLANG_WARN_STRICT_PROTOTYPES = YES;
				CLANG_WARN_SUSPICIOUS_MOVE = YES;
				CLANG_WARN_UNGUARDED_AVAILABILITY = YES_AGGRESSIVE;
				CLANG_WARN_UNREACHABLE_CODE = YES;
				CLANG_WARN__DUPLICATE_METHOD_MATCH = YES;
				COPY_PHASE_STRIP = NO;
				DEBUG_INFORMATION_FORMAT = "dwarf-with-dsym";
				ENABLE_NS_ASSERTIONS = NO;
				ENABLE_STRICT_OBJC_MSGSEND = YES;
				GCC_C_LANGUAGE_STANDARD = gnu11;
				GCC_NO_COMMON_BLOCKS = YES;
				GCC_WARN_64_TO_32_BIT_CONVERSION = YES;
				GCC_WARN_ABOUT_RETURN_TYPE = YES_ERROR;
				GCC_WARN_UNDECLARED_SELECTOR = YES;
				GCC_WARN_UNINITIALIZED_AUTOS = YES_AGGRESSIVE;
				GCC_WARN_UNUSED_FUNCTION = YES;
				GCC_WARN_UNUSED_VARIABLE = YES;
				IPHONEOS_DEPLOYMENT_TARGET = 15.0;
				MTL_ENABLE_DEBUG_INFO = NO;
				MTL_FAST_MATH = YES;
				SDKROOT = iphoneos;
				SWIFT_COMPILATION_MODE = wholemodule;
				SWIFT_OPTIMIZATION_LEVEL = "-O";
				VALIDATE_PRODUCT = YES;
			};
			name = Release;
		};
		2AD3ACD7276C67D900BD5F84 /* Debug */ = {
			isa = XCBuildConfiguration;
			buildSettings = {
				ASSETCATALOG_COMPILER_APPICON_NAME = AppIcon;
				ASSETCATALOG_COMPILER_GLOBAL_ACCENT_COLOR_NAME = AccentColor;
				CODE_SIGN_STYLE = Automatic;
				CURRENT_PROJECT_VERSION = 1;
				GENERATE_INFOPLIST_FILE = YES;
				INFOPLIST_FILE = drumrollDemo/Info.plist;
				INFOPLIST_KEY_UIApplicationSupportsIndirectInputEvents = YES;
				INFOPLIST_KEY_UILaunchStoryboardName = LaunchScreen;
				INFOPLIST_KEY_UIMainStoryboardFile = Main;
				INFOPLIST_KEY_UISupportedInterfaceOrientations_iPad = "UIInterfaceOrientationPortrait UIInterfaceOrientationPortraitUpsideDown UIInterfaceOrientationLandscapeLeft UIInterfaceOrientationLandscapeRight";
				INFOPLIST_KEY_UISupportedInterfaceOrientations_iPhone = "UIInterfaceOrientationPortrait UIInterfaceOrientationLandscapeLeft UIInterfaceOrientationLandscapeRight";
				LD_RUNPATH_SEARCH_PATHS = (
					"$(inherited)",
					"@executable_path/Frameworks",
				);
				MARKETING_VERSION = 1.0;
				PRODUCT_BUNDLE_IDENTIFIER = test.drumrollDemo;
				PRODUCT_NAME = "$(TARGET_NAME)";
				SWIFT_EMIT_LOC_STRINGS = YES;
				SWIFT_VERSION = 5.0;
				TARGETED_DEVICE_FAMILY = "1,2";
			};
			name = Debug;
		};
		2AD3ACD8276C67D900BD5F84 /* Release */ = {
			isa = XCBuildConfiguration;
			buildSettings = {
				ASSETCATALOG_COMPILER_APPICON_NAME = AppIcon;
				ASSETCATALOG_COMPILER_GLOBAL_ACCENT_COLOR_NAME = AccentColor;
				CODE_SIGN_STYLE = Automatic;
				CURRENT_PROJECT_VERSION = 1;
				GENERATE_INFOPLIST_FILE = YES;
				INFOPLIST_FILE = drumrollDemo/Info.plist;
				INFOPLIST_KEY_UIApplicationSupportsIndirectInputEvents = YES;
				INFOPLIST_KEY_UILaunchStoryboardName = LaunchScreen;
				INFOPLIST_KEY_UIMainStoryboardFile = Main;
				INFOPLIST_KEY_UISupportedInterfaceOrientations_iPad = "UIInterfaceOrientationPortrait UIInterfaceOrientationPortraitUpsideDown UIInterfaceOrientationLandscapeLeft UIInterfaceOrientationLandscapeRight";
				INFOPLIST_KEY_UISupportedInterfaceOrientations_iPhone = "UIInterfaceOrientationPortrait UIInterfaceOrientationLandscapeLeft UIInterfaceOrientationLandscapeRight";
				LD_RUNPATH_SEARCH_PATHS = (
					"$(inherited)",
					"@executable_path/Frameworks",
				);
				MARKETING_VERSION = 1.0;
				PRODUCT_BUNDLE_IDENTIFIER = test.drumrollDemo;
				PRODUCT_NAME = "$(TARGET_NAME)";
				SWIFT_EMIT_LOC_STRINGS = YES;
				SWIFT_VERSION = 5.0;
				TARGETED_DEVICE_FAMILY = "1,2";
			};
			name = Release;
		};
		2AD3ACDA276C67D900BD5F84 /* Debug */ = {
			isa = XCBuildConfiguration;
			buildSettings = {
				ALWAYS_EMBED_SWIFT_STANDARD_LIBRARIES = YES;
				BUNDLE_LOADER = "$(TEST_HOST)";
				CODE_SIGN_STYLE = Automatic;
				CURRENT_PROJECT_VERSION = 1;
				GENERATE_INFOPLIST_FILE = YES;
				IPHONEOS_DEPLOYMENT_TARGET = 15.0;
				LD_RUNPATH_SEARCH_PATHS = (
					"$(inherited)",
					"@executable_path/Frameworks",
					"@loader_path/Frameworks",
				);
				MARKETING_VERSION = 1.0;
				PRODUCT_BUNDLE_IDENTIFIER = test.drumrollDemoTests;
				PRODUCT_NAME = "$(TARGET_NAME)";
				SWIFT_EMIT_LOC_STRINGS = NO;
				SWIFT_VERSION = 5.0;
				TARGETED_DEVICE_FAMILY = "1,2";
				TEST_HOST = "$(BUILT_PRODUCTS_DIR)/drumrollDemo.app/drumrollDemo";
			};
			name = Debug;
		};
		2AD3ACDB276C67D900BD5F84 /* Release */ = {
			isa = XCBuildConfiguration;
			buildSettings = {
				ALWAYS_EMBED_SWIFT_STANDARD_LIBRARIES = YES;
				BUNDLE_LOADER = "$(TEST_HOST)";
				CODE_SIGN_STYLE = Automatic;
				CURRENT_PROJECT_VERSION = 1;
				GENERATE_INFOPLIST_FILE = YES;
				IPHONEOS_DEPLOYMENT_TARGET = 15.0;
				LD_RUNPATH_SEARCH_PATHS = (
					"$(inherited)",
					"@executable_path/Frameworks",
					"@loader_path/Frameworks",
				);
				MARKETING_VERSION = 1.0;
				PRODUCT_BUNDLE_IDENTIFIER = test.drumrollDemoTests;
				PRODUCT_NAME = "$(TARGET_NAME)";
				SWIFT_EMIT_LOC_STRINGS = NO;
				SWIFT_VERSION = 5.0;
				TARGETED_DEVICE_FAMILY = "1,2";
				TEST_HOST = "$(BUILT_PRODUCTS_DIR)/drumrollDemo.app/drumrollDemo";
			};
			name = Release;
		};
		2AD3ACDD276C67D900BD5F84 /* Debug */ = {
			isa = XCBuildConfiguration;
			buildSettings = {
				ALWAYS_EMBED_SWIFT_STANDARD_LIBRARIES = YES;
				CODE_SIGN_STYLE = Automatic;
				CURRENT_PROJECT_VERSION = 1;
				GENERATE_INFOPLIST_FILE = YES;
				LD_RUNPATH_SEARCH_PATHS = (
					"$(inherited)",
					"@executable_path/Frameworks",
					"@loader_path/Frameworks",
				);
				MARKETING_VERSION = 1.0;
				PRODUCT_BUNDLE_IDENTIFIER = test.drumrollDemoUITests;
				PRODUCT_NAME = "$(TARGET_NAME)";
				SWIFT_EMIT_LOC_STRINGS = NO;
				SWIFT_VERSION = 5.0;
				TARGETED_DEVICE_FAMILY = "1,2";
				TEST_TARGET_NAME = drumrollDemo;
			};
			name = Debug;
		};
		2AD3ACDE276C67D900BD5F84 /* Release */ = {
			isa = XCBuildConfiguration;
			buildSettings = {
				ALWAYS_EMBED_SWIFT_STANDARD_LIBRARIES = YES;
				CODE_SIGN_STYLE = Automatic;
				CURRENT_PROJECT_VERSION = 1;
				GENERATE_INFOPLIST_FILE = YES;
				LD_RUNPATH_SEARCH_PATHS = (
					"$(inherited)",
					"@executable_path/Frameworks",
					"@loader_path/Frameworks",
				);
				MARKETING_VERSION = 1.0;
				PRODUCT_BUNDLE_IDENTIFIER = test.drumrollDemoUITests;
				PRODUCT_NAME = "$(TARGET_NAME)";
				SWIFT_EMIT_LOC_STRINGS = NO;
				SWIFT_VERSION = 5.0;
				TARGETED_DEVICE_FAMILY = "1,2";
				TEST_TARGET_NAME = drumrollDemo;
			};
			name = Release;
		};
/* End XCBuildConfiguration section */

/* Begin XCConfigurationList section */
		2AD3ACA7276C67D700BD5F84 /* Build configuration list for PBXProject "drumrollDemo" */ = {
			isa = XCConfigurationList;
			buildConfigurations = (
				2AD3ACD4276C67D900BD5F84 /* Debug */,
				2AD3ACD5276C67D900BD5F84 /* Release */,
			);
			defaultConfigurationIsVisible = 0;
			defaultConfigurationName = Release;
		};
		2AD3ACD6276C67D900BD5F84 /* Build configuration list for PBXNativeTarget "drumrollDemo" */ = {
			isa = XCConfigurationList;
			buildConfigurations = (
				2AD3ACD7276C67D900BD5F84 /* Debug */,
				2AD3ACD8276C67D900BD5F84 /* Release */,
			);
			defaultConfigurationIsVisible = 0;
			defaultConfigurationName = Release;
		};
		2AD3ACD9276C67D900BD5F84 /* Build configuration list for PBXNativeTarget "drumrollDemoTests" */ = {
			isa = XCConfigurationList;
			buildConfigurations = (
				2AD3ACDA276C67D900BD5F84 /* Debug */,
				2AD3ACDB276C67D900BD5F84 /* Release */,
			);
			defaultConfigurationIsVisible = 0;
			defaultConfigurationName = Release;
		};
		2AD3ACDC276C67D900BD5F84 /* Build configuration list for PBXNativeTarget "drumrollDemoUITests" */ = {
			isa = XCConfigurationList;
			buildConfigurations = (
				2AD3ACDD276C67D900BD5F84 /* Debug */,
				2AD3ACDE276C67D900BD5F84 /* Release */,
			);
			defaultConfigurationIsVisible = 0;
			defaultConfigurationName = Release;
		};
/* End XCConfigurationList section */
	};
	rootObject = 2AD3ACA4276C67D700BD5F84 /* Project object */;
}
